
Microsoft Visual Studio Solution File, Format Version 12.00
# Visual Studio Version 16
VisualStudioVersion = 16.0.29613.14
MinimumVisualStudioVersion = 15.0.26124.0
Project("{9A19103F-16F7-4668-BE54-9A1E7A4F7556}") = "Bus", "Bus\Bus.csproj", "{1FAD6C2C-8893-4353-993F-C5FAA7D87825}"
EndProject
Project("{9A19103F-16F7-4668-BE54-9A1E7A4F7556}") = "Domain", "Domain\Domain.csproj", "{2CB8DCF6-A6DA-4B6E-9399-F4297A964C29}"
EndProject
Project("{9A19103F-16F7-4668-BE54-9A1E7A4F7556}") = "IOC", "IOC\IOC.csproj", "{E6CEA973-E202-4ACA-98E5-D64FB2356685}"
EndProject
Project("{9A19103F-16F7-4668-BE54-9A1E7A4F7556}") = "WebApp", "WebApp\WebApp.csproj", "{35695647-E349-4E1F-AF32-50836AFC7C34}"
EndProject
Project("{2150E333-8FDC-42A3-9474-1A3956D46DE8}") = "Services", "Services", "{2CA0311A-E056-4643-83D0-5E640EA28664}"
EndProject
Project("{2150E333-8FDC-42A3-9474-1A3956D46DE8}") = "Banking", "Banking", "{D1BBED5A-A74C-4328-AE52-10A8F62B0826}"
EndProject
Project("{9A19103F-16F7-4668-BE54-9A1E7A4F7556}") = "Banking.Application", "Services\Banking\Banking.Application\Banking.Application.csproj", "{9EBEB64C-AD2F-4285-9602-6941AE6A6466}"
EndProject
Project("{9A19103F-16F7-4668-BE54-9A1E7A4F7556}") = "Banking.Api", "Services\Banking\Banking.Api\Banking.Api.csproj", "{22134FD3-459B-42DD-BAC6-FC4B8014E607}"
EndProject
Project("{9A19103F-16F7-4668-BE54-9A1E7A4F7556}") = "Banking.Domain", "Services\Banking\Domain\Banking.Domain.csproj", "{B0597279-0F03-4D29-BDB3-9726919901F0}"
EndProject
Project("{9A19103F-16F7-4668-BE54-9A1E7A4F7556}") = "Banking.Infrastructure", "Services\Banking\Infrastructure\Banking.Infrastructure.csproj", "{2D6BF0EF-0302-4F19-AD2C-137BCF03CB5F}"
EndProject
Project("{2150E333-8FDC-42A3-9474-1A3956D46DE8}") = "Transfer", "Transfer", "{C584BAC3-3B1E-4D99-87E0-B8091AD03F6C}"
EndProject
Project("{9A19103F-16F7-4668-BE54-9A1E7A4F7556}") = "Transfer.Api", "Services\Transfer\Api\Transfer.Api.csproj", "{82757258-29DE-4772-BFC4-4814298F7872}"
EndProject
Project("{9A19103F-16F7-4668-BE54-9A1E7A4F7556}") = "Transfer.Application", "Services\Transfer\Application\Transfer.Application.csproj", "{614B861D-719B-45BE-A3AA-23EAE3E22F3D}"
EndProject
Project("{9A19103F-16F7-4668-BE54-9A1E7A4F7556}") = "Transfer.Domain", "Services\Transfer\Domain\Transfer.Domain.csproj", "{C70E6A22-D2FD-4E1D-A0E3-A444F88B1E09}"
EndProject
Project("{9A19103F-16F7-4668-BE54-9A1E7A4F7556}") = "Transfer.Infrastructure", "Services\Transfer\Infrastructure\Transfer.Infrastructure.csproj", "{DE84BC2A-40BE-48FA-B223-11F48E18D900}"
EndProject
Global
	GlobalSection(SolutionConfigurationPlatforms) = preSolution
		Debug|Any CPU = Debug|Any CPU
		Debug|x64 = Debug|x64
		Debug|x86 = Debug|x86
		Release|Any CPU = Release|Any CPU
		Release|x64 = Release|x64
		Release|x86 = Release|x86
	EndGlobalSection
	GlobalSection(ProjectConfigurationPlatforms) = postSolution
		{1FAD6C2C-8893-4353-993F-C5FAA7D87825}.Debug|Any CPU.ActiveCfg = Debug|Any CPU
		{1FAD6C2C-8893-4353-993F-C5FAA7D87825}.Debug|Any CPU.Build.0 = Debug|Any CPU
		{1FAD6C2C-8893-4353-993F-C5FAA7D87825}.Debug|x64.ActiveCfg = Debug|Any CPU
		{1FAD6C2C-8893-4353-993F-C5FAA7D87825}.Debug|x64.Build.0 = Debug|Any CPU
		{1FAD6C2C-8893-4353-993F-C5FAA7D87825}.Debug|x86.ActiveCfg = Debug|Any CPU
		{1FAD6C2C-8893-4353-993F-C5FAA7D87825}.Debug|x86.Build.0 = Debug|Any CPU
		{1FAD6C2C-8893-4353-993F-C5FAA7D87825}.Release|Any CPU.ActiveCfg = Release|Any CPU
		{1FAD6C2C-8893-4353-993F-C5FAA7D87825}.Release|Any CPU.Build.0 = Release|Any CPU
		{1FAD6C2C-8893-4353-993F-C5FAA7D87825}.Release|x64.ActiveCfg = Release|Any CPU
		{1FAD6C2C-8893-4353-993F-C5FAA7D87825}.Release|x64.Build.0 = Release|Any CPU
		{1FAD6C2C-8893-4353-993F-C5FAA7D87825}.Release|x86.ActiveCfg = Release|Any CPU
		{1FAD6C2C-8893-4353-993F-C5FAA7D87825}.Release|x86.Build.0 = Release|Any CPU
		{2CB8DCF6-A6DA-4B6E-9399-F4297A964C29}.Debug|Any CPU.ActiveCfg = Debug|Any CPU
		{2CB8DCF6-A6DA-4B6E-9399-F4297A964C29}.Debug|Any CPU.Build.0 = Debug|Any CPU
		{2CB8DCF6-A6DA-4B6E-9399-F4297A964C29}.Debug|x64.ActiveCfg = Debug|Any CPU
		{2CB8DCF6-A6DA-4B6E-9399-F4297A964C29}.Debug|x64.Build.0 = Debug|Any CPU
		{2CB8DCF6-A6DA-4B6E-9399-F4297A964C29}.Debug|x86.ActiveCfg = Debug|Any CPU
		{2CB8DCF6-A6DA-4B6E-9399-F4297A964C29}.Debug|x86.Build.0 = Debug|Any CPU
		{2CB8DCF6-A6DA-4B6E-9399-F4297A964C29}.Release|Any CPU.ActiveCfg = Release|Any CPU
		{2CB8DCF6-A6DA-4B6E-9399-F4297A964C29}.Release|Any CPU.Build.0 = Release|Any CPU
		{2CB8DCF6-A6DA-4B6E-9399-F4297A964C29}.Release|x64.ActiveCfg = Release|Any CPU
		{2CB8DCF6-A6DA-4B6E-9399-F4297A964C29}.Release|x64.Build.0 = Release|Any CPU
		{2CB8DCF6-A6DA-4B6E-9399-F4297A964C29}.Release|x86.ActiveCfg = Release|Any CPU
		{2CB8DCF6-A6DA-4B6E-9399-F4297A964C29}.Release|x86.Build.0 = Release|Any CPU
		{E6CEA973-E202-4ACA-98E5-D64FB2356685}.Debug|Any CPU.ActiveCfg = Debug|Any CPU
		{E6CEA973-E202-4ACA-98E5-D64FB2356685}.Debug|Any CPU.Build.0 = Debug|Any CPU
		{E6CEA973-E202-4ACA-98E5-D64FB2356685}.Debug|x64.ActiveCfg = Debug|Any CPU
		{E6CEA973-E202-4ACA-98E5-D64FB2356685}.Debug|x64.Build.0 = Debug|Any CPU
		{E6CEA973-E202-4ACA-98E5-D64FB2356685}.Debug|x86.ActiveCfg = Debug|Any CPU
		{E6CEA973-E202-4ACA-98E5-D64FB2356685}.Debug|x86.Build.0 = Debug|Any CPU
		{E6CEA973-E202-4ACA-98E5-D64FB2356685}.Release|Any CPU.ActiveCfg = Release|Any CPU
		{E6CEA973-E202-4ACA-98E5-D64FB2356685}.Release|Any CPU.Build.0 = Release|Any CPU
		{E6CEA973-E202-4ACA-98E5-D64FB2356685}.Release|x64.ActiveCfg = Release|Any CPU
		{E6CEA973-E202-4ACA-98E5-D64FB2356685}.Release|x64.Build.0 = Release|Any CPU
		{E6CEA973-E202-4ACA-98E5-D64FB2356685}.Release|x86.ActiveCfg = Release|Any CPU
		{E6CEA973-E202-4ACA-98E5-D64FB2356685}.Release|x86.Build.0 = Release|Any CPU
		{35695647-E349-4E1F-AF32-50836AFC7C34}.Debug|Any CPU.ActiveCfg = Debug|Any CPU
		{35695647-E349-4E1F-AF32-50836AFC7C34}.Debug|Any CPU.Build.0 = Debug|Any CPU
		{35695647-E349-4E1F-AF32-50836AFC7C34}.Debug|x64.ActiveCfg = Debug|Any CPU
		{35695647-E349-4E1F-AF32-50836AFC7C34}.Debug|x64.Build.0 = Debug|Any CPU
		{35695647-E349-4E1F-AF32-50836AFC7C34}.Debug|x86.ActiveCfg = Debug|Any CPU
		{35695647-E349-4E1F-AF32-50836AFC7C34}.Debug|x86.Build.0 = Debug|Any CPU
		{35695647-E349-4E1F-AF32-50836AFC7C34}.Release|Any CPU.ActiveCfg = Release|Any CPU
		{35695647-E349-4E1F-AF32-50836AFC7C34}.Release|Any CPU.Build.0 = Release|Any CPU
		{35695647-E349-4E1F-AF32-50836AFC7C34}.Release|x64.ActiveCfg = Release|Any CPU
		{35695647-E349-4E1F-AF32-50836AFC7C34}.Release|x64.Build.0 = Release|Any CPU
		{35695647-E349-4E1F-AF32-50836AFC7C34}.Release|x86.ActiveCfg = Release|Any CPU
		{35695647-E349-4E1F-AF32-50836AFC7C34}.Release|x86.Build.0 = Release|Any CPU
		{9EBEB64C-AD2F-4285-9602-6941AE6A6466}.Debug|Any CPU.ActiveCfg = Debug|Any CPU
		{9EBEB64C-AD2F-4285-9602-6941AE6A6466}.Debug|Any CPU.Build.0 = Debug|Any CPU
		{9EBEB64C-AD2F-4285-9602-6941AE6A6466}.Debug|x64.ActiveCfg = Debug|Any CPU
		{9EBEB64C-AD2F-4285-9602-6941AE6A6466}.Debug|x64.Build.0 = Debug|Any CPU
		{9EBEB64C-AD2F-4285-9602-6941AE6A6466}.Debug|x86.ActiveCfg = Debug|Any CPU
		{9EBEB64C-AD2F-4285-9602-6941AE6A6466}.Debug|x86.Build.0 = Debug|Any CPU
		{9EBEB64C-AD2F-4285-9602-6941AE6A6466}.Release|Any CPU.ActiveCfg = Release|Any CPU
		{9EBEB64C-AD2F-4285-9602-6941AE6A6466}.Release|Any CPU.Build.0 = Release|Any CPU
		{9EBEB64C-AD2F-4285-9602-6941AE6A6466}.Release|x64.ActiveCfg = Release|Any CPU
		{9EBEB64C-AD2F-4285-9602-6941AE6A6466}.Release|x64.Build.0 = Release|Any CPU
		{9EBEB64C-AD2F-4285-9602-6941AE6A6466}.Release|x86.ActiveCfg = Release|Any CPU
		{9EBEB64C-AD2F-4285-9602-6941AE6A6466}.Release|x86.Build.0 = Release|Any CPU
		{22134FD3-459B-42DD-BAC6-FC4B8014E607}.Debug|Any CPU.ActiveCfg = Debug|Any CPU
		{22134FD3-459B-42DD-BAC6-FC4B8014E607}.Debug|Any CPU.Build.0 = Debug|Any CPU
		{22134FD3-459B-42DD-BAC6-FC4B8014E607}.Debug|x64.ActiveCfg = Debug|Any CPU
		{22134FD3-459B-42DD-BAC6-FC4B8014E607}.Debug|x64.Build.0 = Debug|Any CPU
		{22134FD3-459B-42DD-BAC6-FC4B8014E607}.Debug|x86.ActiveCfg = Debug|Any CPU
		{22134FD3-459B-42DD-BAC6-FC4B8014E607}.Debug|x86.Build.0 = Debug|Any CPU
		{22134FD3-459B-42DD-BAC6-FC4B8014E607}.Release|Any CPU.ActiveCfg = Release|Any CPU
		{22134FD3-459B-42DD-BAC6-FC4B8014E607}.Release|Any CPU.Build.0 = Release|Any CPU
		{22134FD3-459B-42DD-BAC6-FC4B8014E607}.Release|x64.ActiveCfg = Release|Any CPU
		{22134FD3-459B-42DD-BAC6-FC4B8014E607}.Release|x64.Build.0 = Release|Any CPU
		{22134FD3-459B-42DD-BAC6-FC4B8014E607}.Release|x86.ActiveCfg = Release|Any CPU
		{22134FD3-459B-42DD-BAC6-FC4B8014E607}.Release|x86.Build.0 = Release|Any CPU
		{B0597279-0F03-4D29-BDB3-9726919901F0}.Debug|Any CPU.ActiveCfg = Debug|Any CPU
		{B0597279-0F03-4D29-BDB3-9726919901F0}.Debug|Any CPU.Build.0 = Debug|Any CPU
		{B0597279-0F03-4D29-BDB3-9726919901F0}.Debug|x64.ActiveCfg = Debug|Any CPU
		{B0597279-0F03-4D29-BDB3-9726919901F0}.Debug|x64.Build.0 = Debug|Any CPU
		{B0597279-0F03-4D29-BDB3-9726919901F0}.Debug|x86.ActiveCfg = Debug|Any CPU
		{B0597279-0F03-4D29-BDB3-9726919901F0}.Debug|x86.Build.0 = Debug|Any CPU
		{B0597279-0F03-4D29-BDB3-9726919901F0}.Release|Any CPU.ActiveCfg = Release|Any CPU
		{B0597279-0F03-4D29-BDB3-9726919901F0}.Release|Any CPU.Build.0 = Release|Any CPU
		{B0597279-0F03-4D29-BDB3-9726919901F0}.Release|x64.ActiveCfg = Release|Any CPU
		{B0597279-0F03-4D29-BDB3-9726919901F0}.Release|x64.Build.0 = Release|Any CPU
		{B0597279-0F03-4D29-BDB3-9726919901F0}.Release|x86.ActiveCfg = Release|Any CPU
		{B0597279-0F03-4D29-BDB3-9726919901F0}.Release|x86.Build.0 = Release|Any CPU
		{2D6BF0EF-0302-4F19-AD2C-137BCF03CB5F}.Debug|Any CPU.ActiveCfg = Debug|Any CPU
		{2D6BF0EF-0302-4F19-AD2C-137BCF03CB5F}.Debug|Any CPU.Build.0 = Debug|Any CPU
		{2D6BF0EF-0302-4F19-AD2C-137BCF03CB5F}.Debug|x64.ActiveCfg = Debug|Any CPU
		{2D6BF0EF-0302-4F19-AD2C-137BCF03CB5F}.Debug|x64.Build.0 = Debug|Any CPU
		{2D6BF0EF-0302-4F19-AD2C-137BCF03CB5F}.Debug|x86.ActiveCfg = Debug|Any CPU
		{2D6BF0EF-0302-4F19-AD2C-137BCF03CB5F}.Debug|x86.Build.0 = Debug|Any CPU
		{2D6BF0EF-0302-4F19-AD2C-137BCF03CB5F}.Release|Any CPU.ActiveCfg = Release|Any CPU
		{2D6BF0EF-0302-4F19-AD2C-137BCF03CB5F}.Release|Any CPU.Build.0 = Release|Any CPU
		{2D6BF0EF-0302-4F19-AD2C-137BCF03CB5F}.Release|x64.ActiveCfg = Release|Any CPU
		{2D6BF0EF-0302-4F19-AD2C-137BCF03CB5F}.Release|x64.Build.0 = Release|Any CPU
		{2D6BF0EF-0302-4F19-AD2C-137BCF03CB5F}.Release|x86.ActiveCfg = Release|Any CPU
		{2D6BF0EF-0302-4F19-AD2C-137BCF03CB5F}.Release|x86.Build.0 = Release|Any CPU
		{82757258-29DE-4772-BFC4-4814298F7872}.Debug|Any CPU.ActiveCfg = Debug|Any CPU
		{82757258-29DE-4772-BFC4-4814298F7872}.Debug|Any CPU.Build.0 = Debug|Any CPU
		{82757258-29DE-4772-BFC4-4814298F7872}.Debug|x64.ActiveCfg = Debug|Any CPU
		{82757258-29DE-4772-BFC4-4814298F7872}.Debug|x64.Build.0 = Debug|Any CPU
		{82757258-29DE-4772-BFC4-4814298F7872}.Debug|x86.ActiveCfg = Debug|Any CPU
		{82757258-29DE-4772-BFC4-4814298F7872}.Debug|x86.Build.0 = Debug|Any CPU
		{82757258-29DE-4772-BFC4-4814298F7872}.Release|Any CPU.ActiveCfg = Release|Any CPU
		{82757258-29DE-4772-BFC4-4814298F7872}.Release|Any CPU.Build.0 = Release|Any CPU
		{82757258-29DE-4772-BFC4-4814298F7872}.Release|x64.ActiveCfg = Release|Any CPU
		{82757258-29DE-4772-BFC4-4814298F7872}.Release|x64.Build.0 = Release|Any CPU
		{82757258-29DE-4772-BFC4-4814298F7872}.Release|x86.ActiveCfg = Release|Any CPU
		{82757258-29DE-4772-BFC4-4814298F7872}.Release|x86.Build.0 = Release|Any CPU
		{614B861D-719B-45BE-A3AA-23EAE3E22F3D}.Debug|Any CPU.ActiveCfg = Debug|Any CPU
		{614B861D-719B-45BE-A3AA-23EAE3E22F3D}.Debug|Any CPU.Build.0 = Debug|Any CPU
		{614B861D-719B-45BE-A3AA-23EAE3E22F3D}.Debug|x64.ActiveCfg = Debug|Any CPU
		{614B861D-719B-45BE-A3AA-23EAE3E22F3D}.Debug|x64.Build.0 = Debug|Any CPU
		{614B861D-719B-45BE-A3AA-23EAE3E22F3D}.Debug|x86.ActiveCfg = Debug|Any CPU
		{614B861D-719B-45BE-A3AA-23EAE3E22F3D}.Debug|x86.Build.0 = Debug|Any CPU
		{614B861D-719B-45BE-A3AA-23EAE3E22F3D}.Release|Any CPU.ActiveCfg = Release|Any CPU
		{614B861D-719B-45BE-A3AA-23EAE3E22F3D}.Release|Any CPU.Build.0 = Release|Any CPU
		{614B861D-719B-45BE-A3AA-23EAE3E22F3D}.Release|x64.ActiveCfg = Release|Any CPU
		{614B861D-719B-45BE-A3AA-23EAE3E22F3D}.Release|x64.Build.0 = Release|Any CPU
		{614B861D-719B-45BE-A3AA-23EAE3E22F3D}.Release|x86.ActiveCfg = Release|Any CPU
		{614B861D-719B-45BE-A3AA-23EAE3E22F3D}.Release|x86.Build.0 = Release|Any CPU
		{C70E6A22-D2FD-4E1D-A0E3-A444F88B1E09}.Debug|Any CPU.ActiveCfg = Debug|Any CPU
		{C70E6A22-D2FD-4E1D-A0E3-A444F88B1E09}.Debug|Any CPU.Build.0 = Debug|Any CPU
		{C70E6A22-D2FD-4E1D-A0E3-A444F88B1E09}.Debug|x64.ActiveCfg = Debug|Any CPU
		{C70E6A22-D2FD-4E1D-A0E3-A444F88B1E09}.Debug|x64.Build.0 = Debug|Any CPU
		{C70E6A22-D2FD-4E1D-A0E3-A444F88B1E09}.Debug|x86.ActiveCfg = Debug|Any CPU
		{C70E6A22-D2FD-4E1D-A0E3-A444F88B1E09}.Debug|x86.Build.0 = Debug|Any CPU
		{C70E6A22-D2FD-4E1D-A0E3-A444F88B1E09}.Release|Any CPU.ActiveCfg = Release|Any CPU
		{C70E6A22-D2FD-4E1D-A0E3-A444F88B1E09}.Release|Any CPU.Build.0 = Release|Any CPU
		{C70E6A22-D2FD-4E1D-A0E3-A444F88B1E09}.Release|x64.ActiveCfg = Release|Any CPU
		{C70E6A22-D2FD-4E1D-A0E3-A444F88B1E09}.Release|x64.Build.0 = Release|Any CPU
		{C70E6A22-D2FD-4E1D-A0E3-A444F88B1E09}.Release|x86.ActiveCfg = Release|Any CPU
		{C70E6A22-D2FD-4E1D-A0E3-A444F88B1E09}.Release|x86.Build.0 = Release|Any CPU
		{DE84BC2A-40BE-48FA-B223-11F48E18D900}.Debug|Any CPU.ActiveCfg = Debug|Any CPU
		{DE84BC2A-40BE-48FA-B223-11F48E18D900}.Debug|Any CPU.Build.0 = Debug|Any CPU
		{DE84BC2A-40BE-48FA-B223-11F48E18D900}.Debug|x64.ActiveCfg = Debug|Any CPU
		{DE84BC2A-40BE-48FA-B223-11F48E18D900}.Debug|x64.Build.0 = Debug|Any CPU
		{DE84BC2A-40BE-48FA-B223-11F48E18D900}.Debug|x86.ActiveCfg = Debug|Any CPU
		{DE84BC2A-40BE-48FA-B223-11F48E18D900}.Debug|x86.Build.0 = Debug|Any CPU
		{DE84BC2A-40BE-48FA-B223-11F48E18D900}.Release|Any CPU.ActiveCfg = Release|Any CPU
		{DE84BC2A-40BE-48FA-B223-11F48E18D900}.Release|Any CPU.Build.0 = Release|Any CPU
		{DE84BC2A-40BE-48FA-B223-11F48E18D900}.Release|x64.ActiveCfg = Release|Any CPU
		{DE84BC2A-40BE-48FA-B223-11F48E18D900}.Release|x64.Build.0 = Release|Any CPU
		{DE84BC2A-40BE-48FA-B223-11F48E18D900}.Release|x86.ActiveCfg = Release|Any CPU
		{DE84BC2A-40BE-48FA-B223-11F48E18D900}.Release|x86.Build.0 = Release|Any CPU
	EndGlobalSection
	GlobalSection(SolutionProperties) = preSolution
		HideSolutionNode = FALSE
	EndGlobalSection
	GlobalSection(NestedProjects) = preSolution
		{D1BBED5A-A74C-4328-AE52-10A8F62B0826} = {2CA0311A-E056-4643-83D0-5E640EA28664}
		{9EBEB64C-AD2F-4285-9602-6941AE6A6466} = {D1BBED5A-A74C-4328-AE52-10A8F62B0826}
		{22134FD3-459B-42DD-BAC6-FC4B8014E607} = {D1BBED5A-A74C-4328-AE52-10A8F62B0826}
		{B0597279-0F03-4D29-BDB3-9726919901F0} = {D1BBED5A-A74C-4328-AE52-10A8F62B0826}
		{2D6BF0EF-0302-4F19-AD2C-137BCF03CB5F} = {D1BBED5A-A74C-4328-AE52-10A8F62B0826}
		{C584BAC3-3B1E-4D99-87E0-B8091AD03F6C} = {2CA0311A-E056-4643-83D0-5E640EA28664}
		{82757258-29DE-4772-BFC4-4814298F7872} = {C584BAC3-3B1E-4D99-87E0-B8091AD03F6C}
		{614B861D-719B-45BE-A3AA-23EAE3E22F3D} = {C584BAC3-3B1E-4D99-87E0-B8091AD03F6C}
		{C70E6A22-D2FD-4E1D-A0E3-A444F88B1E09} = {C584BAC3-3B1E-4D99-87E0-B8091AD03F6C}
		{DE84BC2A-40BE-48FA-B223-11F48E18D900} = {C584BAC3-3B1E-4D99-87E0-B8091AD03F6C}
	EndGlobalSection
	GlobalSection(ExtensibilityGlobals) = postSolution
		SolutionGuid = {26E6D37A-9242-45D1-883F-76579C8B5A56}
	EndGlobalSection
EndGlobal
